
Microsoft Visual Studio Solution File, Format Version 12.00
# Visual Studio Version 17
VisualStudioVersion = 17.4.33213.308
MinimumVisualStudioVersion = 10.0.40219.1
Project("{FAE04EC0-301F-11D3-BF4B-00C04F79EFBC}") = "Project-1", "Project-1\Project-1.csproj", "{C87C2778-A195-40EC-BB3D-B2664C98C3D0}"
EndProject
Global
	GlobalSection(SolutionConfigurationPlatforms) = preSolution
		Debug|Any CPU = Debug|Any CPU
		Release|Any CPU = Release|Any CPU
	EndGlobalSection
	GlobalSection(ProjectConfigurationPlatforms) = postSolution
		{C87C2778-A195-40EC-BB3D-B2664C98C3D0}.Debug|Any CPU.ActiveCfg = Debug|Any CPU
		{C87C2778-A195-40EC-BB3D-B2664C98C3D0}.Debug|Any CPU.Build.0 = Debug|Any CPU
		{C87C2778-A195-40EC-BB3D-B2664C98C3D0}.Release|Any CPU.ActiveCfg = Release|Any CPU
		{C87C2778-A195-40EC-BB3D-B2664C98C3D0}.Release|Any CPU.Build.0 = Release|Any CPU
	EndGlobalSection
	GlobalSection(SolutionProperties) = preSolution
		HideSolutionNode = FALSE
	EndGlobalSection
	GlobalSection(ExtensibilityGlobals) = postSolution
		SolutionGuid = {A031E47B-A13D-4D35-90B8-668FDA3BA9B2}
	EndGlobalSection
EndGlobal
